# Generated by conda-lock.
# platform: linux-64
# input_hash: 7abb353f7a89e4a1fb01dc5a46e1022a240e7a255297c7389f115237de953bbe
@EXPLICIT
https://conda.anaconda.org/conda-forge/linux-64/_libgcc_mutex-0.1-conda_forge.tar.bz2#d7c89558ba9fa0495403155b64376d81
https://repo.anaconda.com/pkgs/main/linux-64/ca-certificates-2024.9.24-h06a4308_0.conda#e4369d7b4b0707ee0765794d14710e2e
https://repo.anaconda.com/pkgs/main/linux-64/ld_impl_linux-64-2.40-h12ee557_0.conda#ee672b5f635340734f58d618b7bca024
https://repo.anaconda.com/pkgs/main/noarch/pybind11-abi-4-hd3eb1b0_1.conda#4e440592a9fb70c880b74621aee6c967
https://repo.anaconda.com/pkgs/main/noarch/tzdata-2024b-h04d1e81_0.conda#9be694715c6a65f9631bb1b242125e9d
https://conda.anaconda.org/conda-forge/linux-64/libgomp-14.1.0-h77fa898_1.conda#23c255b008c4f2ae008f81edcabaca89
https://repo.anaconda.com/pkgs/main/linux-64/libstdcxx-ng-11.2.0-h1234567_1.conda#57623d10a70e09e1d048c2b2b6f4e2dd
https://conda.anaconda.org/conda-forge/linux-64/_openmp_mutex-4.5-2_gnu.tar.bz2#73aaf86a425cc6e73fcf236a5a46396d
https://conda.anaconda.org/conda-forge/linux-64/libgcc-14.1.0-h77fa898_1.conda#002ef4463dd1e2b44a94a4ace468f5d2
https://conda.anaconda.org/conda-forge/linux-64/libgcc-ng-14.1.0-h69a702a_1.conda#1efc0ad219877a73ef977af7dbb51f17
https://conda.anaconda.org/conda-forge/linux-64/libstdcxx-14.1.0-hc0a3c3a_1.conda#9dbb9699ea467983ba8a4ba89b08b066
https://repo.anaconda.com/pkgs/main/linux-64/bzip2-1.0.8-h5eee18b_6.conda#f21a3ff51c1b271977f53ce956a69297
https://repo.anaconda.com/pkgs/main/linux-64/c-ares-1.19.1-h5eee18b_0.conda#6cfbce52273a1cb888821f18ceaa83c4
https://repo.anaconda.com/pkgs/main/linux-64/expat-2.6.3-h6a678d5_0.conda#5e184279ccb8b85331093305cb548f5c
https://repo.anaconda.com/pkgs/main/linux-64/fmt-9.1.0-hdb19cb5_1.conda#4f12930203ff2d84df5d287af9b29858
https://repo.anaconda.com/pkgs/main/linux-64/icu-73.1-h6a678d5_0.conda#6d09df641fc23f7d277a04dc7ea32dd4
https://repo.anaconda.com/pkgs/main/linux-64/libev-4.33-h7f8727e_1.conda#5065620db4393fb549f30114a33897d1
https://repo.anaconda.com/pkgs/main/linux-64/libffi-3.4.4-h6a678d5_1.conda#70646cc713f0c43926cfdcfe9b695fe0
https://repo.anaconda.com/pkgs/main/linux-64/libiconv-1.16-h5eee18b_3.conda#197b1a0886a31fccab2167340528eebc
https://repo.anaconda.com/pkgs/main/linux-64/liblief-0.12.3-h6a678d5_0.conda#9996383fc2561614e4d54490aea33f8e
https://repo.anaconda.com/pkgs/main/linux-64/libuuid-1.41.5-h5eee18b_0.conda#4a6a2354414c9080327274aa514e5299
https://repo.anaconda.com/pkgs/main/linux-64/lz4-c-1.9.4-h6a678d5_1.conda#2ee58861f2b92b868ce761abb831819d
https://repo.anaconda.com/pkgs/main/linux-64/ncurses-6.4-h6a678d5_0.conda#5558eec6e2191741a92f832ea826251c
https://repo.anaconda.com/pkgs/main/linux-64/openssl-3.0.15-h5eee18b_0.conda#019e501b69841c6d4aeaef3b8619a678
https://repo.anaconda.com/pkgs/main/linux-64/patch-2.7.6-h7b6447c_1001.conda#5a47ace7ef08447fe6a602ff16129393
https://repo.anaconda.com/pkgs/main/linux-64/patchelf-0.17.2-h6a678d5_0.conda#63ad6ea1e47f568a1bdb5edb66734026
https://repo.anaconda.com/pkgs/main/linux-64/reproc-14.2.4-h6a678d5_2.conda#3c6dbc6c60b3897222d79359343e90fa
https://conda.anaconda.org/conda-forge/linux-64/uv-0.4.17-h0f3a69f_0.conda#266eba4e5528849f6c00327d2f15a700
https://repo.anaconda.com/pkgs/main/linux-64/xz-5.4.6-h5eee18b_1.conda#1562802f843297ee776a50b9329597ed
https://repo.anaconda.com/pkgs/main/linux-64/yaml-0.2.5-h7b6447c_0.conda#39fdbf4db769e494ffb06d95680c83d8
https://repo.anaconda.com/pkgs/main/linux-64/yaml-cpp-0.8.0-h6a678d5_1.conda#015d2d74ad3c8e53eec3358637433718
https://repo.anaconda.com/pkgs/main/linux-64/zlib-1.2.13-h5eee18b_1.conda#92e42d8310108b0a440fb2e60b2b2a25
https://repo.anaconda.com/pkgs/main/linux-64/libedit-3.1.20230828-h5eee18b_0.conda#850eb5a9d2d7d3c66cce12e84406ca08
https://repo.anaconda.com/pkgs/main/linux-64/libnghttp2-1.57.0-h2d74bed_0.conda#674871621300f54e7ffcf93e6e341638
https://repo.anaconda.com/pkgs/main/linux-64/libssh2-1.11.0-h251f7ec_0.conda#ce46cf257d73fe85c18c78597196f0d8
https://repo.anaconda.com/pkgs/main/linux-64/libxml2-2.13.1-hfdd30dd_2.conda#193c6940cccb654f7c543b0f680dc0b9
https://repo.anaconda.com/pkgs/main/linux-64/pcre2-10.42-hebb0a14_1.conda#727e15c3cfa02b032da4eb0c1123e977
https://repo.anaconda.com/pkgs/main/linux-64/readline-8.2-h5eee18b_0.conda#be42180685cce6e6b0329201d9f48efb
https://repo.anaconda.com/pkgs/main/linux-64/reproc-cpp-14.2.4-h6a678d5_2.conda#b03aa4903158279f003e7032ab9f5601
https://repo.anaconda.com/pkgs/main/linux-64/tk-8.6.14-h39e8969_0.conda#78dbc5e3c69143ebc037fc5d5b22e597
https://repo.anaconda.com/pkgs/main/linux-64/zstd-1.5.5-hc292b87_2.conda#3b7fe809e5b429b4f90fe064842a2370
https://repo.anaconda.com/pkgs/main/linux-64/krb5-1.20.1-h143b758_1.conda#cf1accc86321fa25d6b978cc748039ae
https://repo.anaconda.com/pkgs/main/linux-64/libarchive-3.7.4-hfab0078_0.conda#fcc6a63f95a80a5d2ff9d3e208e9a638
https://repo.anaconda.com/pkgs/main/linux-64/libglib-2.78.4-hdc74915_0.conda#2f6d27741e931d5b6ba56e1a1312aaf0
https://repo.anaconda.com/pkgs/main/linux-64/libsolv-0.7.24-he621ea3_1.conda#c22067963515e7a8d27a5a222a48d870
https://repo.anaconda.com/pkgs/main/linux-64/sqlite-3.45.3-h5eee18b_0.conda#acf93d6aceb74d6110e20b44cc45939e
https://repo.anaconda.com/pkgs/main/linux-64/glib-tools-2.78.4-h6a678d5_0.conda#3dbe6227cd59818dca9afb75ccb70708
https://repo.anaconda.com/pkgs/main/linux-64/libcurl-8.9.1-h251f7ec_0.conda#8133d8f19e8136a10f9f81180026c859
https://repo.anaconda.com/pkgs/main/linux-64/python-3.10.15-he870216_1.conda#cb69a5008de51ea5af0d21b9b3dc6821
https://repo.anaconda.com/pkgs/main/linux-64/anaconda-anon-usage-0.4.4-py310hfc0e8ea_100.conda#f0f4985982fa7adb21c64c06bf4de0b4
https://repo.anaconda.com/pkgs/main/noarch/archspec-0.2.3-pyhd3eb1b0_0.conda#13d01ee2d343d8539bb47055a6c0b5b2
https://repo.anaconda.com/pkgs/main/linux-64/attrs-23.1.0-py310h06a4308_0.conda#c01f08056ba4037e55fe0b66eb398970
https://repo.anaconda.com/pkgs/main/linux-64/boltons-23.0.0-py310h06a4308_0.conda#69248b87edfba6b1abba3a25e6cfd992
https://repo.anaconda.com/pkgs/main/linux-64/brotli-python-1.0.9-py310h6a678d5_8.conda#c7098c1b40187f13bb030f5f0e553f33
https://repo.anaconda.com/pkgs/main/linux-64/certifi-2024.8.30-py310h06a4308_0.conda#ef7fda038d809382cc5cc0ab7c463209
https://repo.anaconda.com/pkgs/main/linux-64/chardet-4.0.0-py310h06a4308_1003.conda#29ec302e607a23642d21c1ae323757b9
https://repo.anaconda.com/pkgs/main/noarch/charset-normalizer-3.3.2-pyhd3eb1b0_0.conda#c6fea3691e85cf7f568b0618ec29fc4f
https://repo.anaconda.com/pkgs/main/linux-64/click-8.1.7-py310h06a4308_0.conda#5b367e0f21e45a105c1d0ccd452b46b7
https://repo.anaconda.com/pkgs/main/noarch/defusedxml-0.7.1-pyhd3eb1b0_0.conda#d912068b0729930972adcaac338882c0
https://repo.anaconda.com/pkgs/main/linux-64/distlib-0.3.8-py310h06a4308_0.conda#b36dd9c8c42d02cbbadf1ce516e166b3
https://repo.anaconda.com/pkgs/main/linux-64/distro-1.9.0-py310h06a4308_0.conda#4daeace877a3b0bdb9716b69729e4be1
https://repo.anaconda.com/pkgs/main/linux-64/exceptiongroup-1.2.0-py310h06a4308_0.conda#3cb78287eb8e4433200935a07d19a03e
https://repo.anaconda.com/pkgs/main/linux-64/filelock-3.13.1-py310h06a4308_0.conda#b0ea92b64435f35302a514d46d035510
https://repo.anaconda.com/pkgs/main/linux-64/frozendict-2.4.2-py310h5eee18b_0.conda#d60ee615231f33a2ab3a79a03bae47cc
https://repo.anaconda.com/pkgs/main/linux-64/glib-2.78.4-h6a678d5_0.conda#045ff487547f7b2b7ff01648681b8ebe
https://repo.anaconda.com/pkgs/main/linux-64/h11-0.14.0-py310h06a4308_0.conda#68fa9a8aa8982390f05ce0e189551d1e
https://repo.anaconda.com/pkgs/main/linux-64/idna-3.7-py310h06a4308_0.conda#e6999f40f91d7c7e46dc13b4283cb6d8
https://repo.anaconda.com/pkgs/main/noarch/jeepney-0.7.1-pyhd3eb1b0_0.conda#f115ef0af90b59f35ef56743955979a4
https://repo.anaconda.com/pkgs/main/noarch/jsonpointer-2.1-pyhd3eb1b0_0.conda#298ff809e733cb04366e4e629c65aa8d
https://repo.anaconda.com/pkgs/main/linux-64/libmamba-1.5.8-hfe524e5_3.conda#cf9c3aa352a0d48f9dc0b5a0222f3065
https://repo.anaconda.com/pkgs/main/linux-64/markupsafe-2.1.3-py310h5eee18b_0.conda#27865be8802ed7a92b33a0a21c227458
https://repo.anaconda.com/pkgs/main/linux-64/mdurl-0.1.0-py310h06a4308_0.conda#3f1edd5cb1c88f35898cacb0308ac709
https://repo.anaconda.com/pkgs/main/linux-64/menuinst-2.1.2-py310h06a4308_0.conda#d5adfb80c51c19c8082979c10eb0a36f
https://repo.anaconda.com/pkgs/main/linux-64/more-itertools-10.3.0-py310h06a4308_0.conda#9b6663a0196bba2b3b01c9fb89dfee28
https://repo.anaconda.com/pkgs/main/linux-64/packaging-24.1-py310h06a4308_0.conda#c18450584a4bb28dc85561cc7472c998
https://repo.anaconda.com/pkgs/main/linux-64/pathspec-0.10.3-py310h06a4308_0.conda#801ec405b191788df01b7a49c9a5449c
https://repo.anaconda.com/pkgs/main/linux-64/pkginfo-1.10.0-py310h06a4308_0.conda#3fc00e519cd198b274621510293765ef
https://repo.anaconda.com/pkgs/main/linux-64/platformdirs-3.10.0-py310h06a4308_0.conda#e75261f061adb0fcb519c8b842789132
https://repo.anaconda.com/pkgs/main/linux-64/pluggy-1.0.0-py310h06a4308_1.conda#2b96380162a84640a34ede74691658db
https://repo.anaconda.com/pkgs/main/linux-64/psutil-5.9.0-py310h5eee18b_0.conda#b48c5c1b4198a08f61426140a29254fc
https://repo.anaconda.com/pkgs/main/noarch/ptyprocess-0.7.0-pyhd3eb1b0_2.conda#7441d2827d4bfbcc1fa308875a146246
https://repo.anaconda.com/pkgs/main/linux-64/py-lief-0.12.3-py310h6a678d5_0.conda#deb974cab7b8521457561e115ac21bfc
https://repo.anaconda.com/pkgs/main/linux-64/pycosat-0.6.6-py310h5eee18b_1.conda#83149d42f3f8e0e30fc8938e4ddd446d
https://repo.anaconda.com/pkgs/main/noarch/pycparser-2.21-pyhd3eb1b0_0.conda#135a72ff2a31150a3a3ff0b1edd41ca9
https://repo.anaconda.com/pkgs/main/linux-64/pygments-2.15.1-py310h06a4308_1.conda#fa74688099132ad3b477dff90d2ad426
https://repo.anaconda.com/pkgs/main/linux-64/pysocks-1.7.1-py310h06a4308_0.conda#b0753810caadcd4a550c833f87fb3866
https://repo.anaconda.com/pkgs/main/linux-64/python-fastjsonschema-2.16.2-py310h06a4308_0.conda#747b43bf00c8f43d747e052c8e0c6be8
https://repo.anaconda.com/pkgs/main/noarch/python-libarchive-c-5.1-pyhd3eb1b0_0.conda#7952606fde014b712cc9ff33622921bf
https://repo.anaconda.com/pkgs/main/linux-64/pytz-2024.1-py310h06a4308_0.conda#afa7054a6953af1313cdbcaad46318c6
https://repo.anaconda.com/pkgs/main/linux-64/pyyaml-6.0.1-py310h5eee18b_0.conda#f4b712ce86fc6982bbe772d8c9308f6f
https://repo.anaconda.com/pkgs/main/linux-64/rpds-py-0.10.6-py310hb02cf49_0.conda#aa9c04f35218916696b861161a93295f
https://repo.anaconda.com/pkgs/main/linux-64/ruamel.yaml.clib-0.2.8-py310h5eee18b_0.conda#3c125b9704a74212bd536545f9bedec0
https://repo.anaconda.com/pkgs/main/linux-64/setuptools-75.1.0-py310h06a4308_0.conda#8f1bdaed0c9c46968ea050afe3cd8a79
https://repo.anaconda.com/pkgs/main/linux-64/shellingham-1.5.0-py310h06a4308_0.conda#bc1ee3249086c74f8e57dad73557005a
https://repo.anaconda.com/pkgs/main/noarch/six-1.16.0-pyhd3eb1b0_1.conda#34586824d411d36af2fa40e799c172d0
https://repo.anaconda.com/pkgs/main/linux-64/sniffio-1.3.0-py310h06a4308_0.conda#57a56b93cd6fcda1b4c62545f34e4e08
https://repo.anaconda.com/pkgs/main/linux-64/soupsieve-2.5-py310h06a4308_0.conda#3c548d3f16f4d02da970812eade65790
https://repo.anaconda.com/pkgs/main/linux-64/tomli-2.0.1-py310h06a4308_0.conda#16e032c58fc284838f0e0b42f03d5a1d
https://repo.anaconda.com/pkgs/main/noarch/tomli-w-1.0.0-pyhd3eb1b0_0.conda#cf95e059a708484fd176e031aa6218e6
https://repo.anaconda.com/pkgs/main/linux-64/tomlkit-0.11.1-py310h06a4308_0.conda#57817e6c50d597a40051c405d7dd7296
https://repo.anaconda.com/pkgs/main/linux-64/tqdm-4.66.5-py310h2f386ee_0.conda#1c8ef064ef328f5ae08ee67ab91e34c4
https://repo.anaconda.com/pkgs/main/linux-64/traitlets-5.14.3-py310h06a4308_0.conda#41493f5ef185d46a832281f22678cb5a
https://repo.anaconda.com/pkgs/main/linux-64/trove-classifiers-2023.10.18-py310h06a4308_0.conda#157b135e8e5d175f2c458c6d285aef2c
https://repo.anaconda.com/pkgs/main/linux-64/truststore-0.8.0-py310h06a4308_0.conda#2ea1b21eda18b85fc82644ec459ac009
https://repo.anaconda.com/pkgs/main/linux-64/typing_extensions-4.11.0-py310h06a4308_0.conda#565c12e3184d8aec560855a609ff546c
https://repo.anaconda.com/pkgs/main/linux-64/zipp-3.17.0-py310h06a4308_0.conda#05ae9726a523e3c54852cbf87e2e202e
https://repo.anaconda.com/pkgs/main/linux-64/anyio-4.2.0-py310h06a4308_0.conda#fbca54a5a6f422d0c4acf4c3e7a2be2a
https://repo.anaconda.com/pkgs/main/linux-64/beautifulsoup4-4.12.3-py310h06a4308_0.conda#9af8d216db44081940b4d4475390e629
https://repo.anaconda.com/pkgs/main/linux-64/cffi-1.17.1-py310h1fdaa30_0.conda#233cbb832c9c666d7e059759a9e139e1
https://repo.anaconda.com/pkgs/main/linux-64/dbus-1.13.18-hb2f20db_0.conda#6a6a6f1391f807847404344489ef6cf4
https://repo.anaconda.com/pkgs/main/linux-64/hatchling-1.25.0-py310h06a4308_0.conda#cb5b8a3479548a9ca1233ad35e5ef264
https://repo.anaconda.com/pkgs/main/linux-64/httpcore-1.0.2-py310h06a4308_0.conda#e94efcfc6f0fea751999b082e74b425e
https://repo.anaconda.com/pkgs/main/noarch/hyperlink-21.0.0-pyhd3eb1b0_0.conda#8b1ba827e0fecc1c857577a3d51aa653
https://repo.anaconda.com/pkgs/main/linux-64/importlib-metadata-7.0.1-py310h06a4308_0.conda#5c2007a924f9ab672b2beaf117af0852
https://repo.anaconda.com/pkgs/main/noarch/jaraco.classes-3.2.1-pyhd3eb1b0_0.conda#7f47c66b55e92b2724174847703df72f
https://repo.anaconda.com/pkgs/main/linux-64/jinja2-3.1.4-py310h06a4308_0.conda#3c05f1abf47bf14e2d502081b33b7ed1
https://repo.anaconda.com/pkgs/main/linux-64/jsonpatch-1.33-py310h06a4308_1.conda#37d54a44475726ff4fba1093add64ba7
https://repo.anaconda.com/pkgs/main/linux-64/jupyter_core-5.7.2-py310h06a4308_0.conda#3ffb5ce9b6602b43145787e347336dad
https://repo.anaconda.com/pkgs/main/linux-64/libmambapy-1.5.8-py310h2dafd23_3.conda#3655c4ec8e57557a449b66d5849ace87
https://repo.anaconda.com/pkgs/main/linux-64/markdown-it-py-2.2.0-py310h06a4308_1.conda#566428b810cf9c5aaf47636a49fd42b8
https://repo.anaconda.com/pkgs/main/noarch/pexpect-4.8.0-pyhd3eb1b0_3.conda#765b2562d6cdd14bb6d44fc170a04331
https://repo.anaconda.com/pkgs/main/linux-64/python-dateutil-2.9.0post0-py310h06a4308_2.conda#004cb2d4a6c2ad5f0f512816947a6989
https://repo.anaconda.com/pkgs/main/linux-64/referencing-0.30.2-py310h06a4308_0.conda#b1ba1ff819562e8608cfe45b77cd6494
https://repo.anaconda.com/pkgs/main/linux-64/ruamel.yaml-0.18.6-py310h5eee18b_0.conda#bb6e4acd0e6fc22519ab24bedc307c8a
https://repo.anaconda.com/pkgs/main/linux-64/setuptools-scm-8.1.0-py310h06a4308_0.conda#e026db63d50af380c1727c3df601e5cf
https://repo.anaconda.com/pkgs/main/linux-64/urllib3-2.2.3-py310h06a4308_0.conda#a795a6e5bc1423ab76c97f952a75f8f0
https://conda.anaconda.org/conda-forge/noarch/userpath-1.7.0-pyhd8ed1ab_0.tar.bz2#5bf074c9253a3bf914becfc50757406f
https://repo.anaconda.com/pkgs/main/linux-64/virtualenv-20.26.1-py310h06a4308_0.conda#b1557ef5ec8d627cd08b69e9a1b355ae
https://repo.anaconda.com/pkgs/main/linux-64/cryptography-43.0.0-py310hdda0065_0.conda#1fae818bdea89ed47dff0577f194d9c2
https://repo.anaconda.com/pkgs/main/linux-64/hatch-vcs-0.3.0-py310h06a4308_0.conda#48ed01287f91a0b74c31095c58285918
https://repo.anaconda.com/pkgs/main/linux-64/httpx-0.27.0-py310h06a4308_0.conda#dedde5500968ab1545bef84cdb731c1a
https://repo.anaconda.com/pkgs/main/noarch/importlib_metadata-7.0.1-hd3eb1b0_0.conda#f764ec5ca8c8f808464764c83be0ead4
https://repo.anaconda.com/pkgs/main/linux-64/jsonschema-specifications-2023.7.1-py310h06a4308_0.conda#0cf6985bde6513725f978825b4a1fe24
https://repo.anaconda.com/pkgs/main/linux-64/requests-2.32.3-py310h06a4308_0.conda#c74ba5d74df7f83cc98f45ef64c4242d
https://repo.anaconda.com/pkgs/main/linux-64/rich-13.7.1-py310h06a4308_0.conda#ddb9caf394bfce4797656bf6aadd4648
https://repo.anaconda.com/pkgs/main/linux-64/zstandard-0.22.0-py310h2c38b39_0.conda#556da9a17738f5ce91095f59e0e7b739
https://repo.anaconda.com/pkgs/main/linux-64/conda-package-streaming-0.10.0-py310h06a4308_0.conda#7b0a4c9996614648bd9294d8dd438f0b
https://repo.anaconda.com/pkgs/main/linux-64/jsonschema-4.19.2-py310h06a4308_0.conda#ddb32fd9ff8b311faf8246bfaa94c725
https://repo.anaconda.com/pkgs/main/linux-64/requests-toolbelt-1.0.0-py310h06a4308_0.conda#6b22af4315da9735f14d572a37886c09
https://repo.anaconda.com/pkgs/main/linux-64/secretstorage-3.3.1-py310h06a4308_1.conda#c2180530067e077ecaff4d488fa3e0dc
https://repo.anaconda.com/pkgs/main/linux-64/conda-package-handling-2.3.0-py310h06a4308_0.conda#88aa6234d37fe78bfa3e831927eb17c9
https://repo.anaconda.com/pkgs/main/linux-64/keyring-24.3.1-py310h06a4308_0.conda#44932698f14cd0efde9b52280dece512
https://repo.anaconda.com/pkgs/main/linux-64/nbformat-5.10.4-py310h06a4308_0.conda#1993cfd26b800dd078714ec1f48eb7cd
https://repo.anaconda.com/pkgs/main/linux-64/anaconda-client-1.12.3-py310h06a4308_0.conda#b2586991bb92809292a2cbf481e04c68
https://conda.anaconda.org/conda-forge/noarch/hatch-1.12.0-pyhd8ed1ab_0.conda#75ef4cd9ebf1c870d9389d2af8c67a42
https://repo.anaconda.com/pkgs/main/linux-64/conda-24.9.1-py310h06a4308_0.conda#9779265c4d36863c991bda088e9e4a11
https://repo.anaconda.com/pkgs/main/linux-64/conda-index-0.5.0-py310h06a4308_0.conda#c7c268176ee949b328a96a56d63ddac2
https://repo.anaconda.com/pkgs/main/noarch/conda-libmamba-solver-24.9.0-pyhd3eb1b0_0.conda#251a69a5bf578ef59fdf8255c7c25c5d
https://repo.anaconda.com/pkgs/main/linux-64/conda-build-24.9.0-py310h06a4308_0.conda#6005bf2422ea9b371d40b2d2633907ae
